// !$*UTF8*$!
{
	archiveVersion = 1;
	classes = {
	};
	objectVersion = 51;
	objects = {

/* Begin PBXBuildFile section */
		8616509E2487D63100233905 /* FirstTabViewController.swift in Sources */ = {isa = PBXBuildFile; fileRef = 8616509D2487D63100233905 /* FirstTabViewController.swift */; };
		861650A12487D6AA00233905 /* SecondTabViewController.storyboard in Resources */ = {isa = PBXBuildFile; fileRef = 861650A02487D6AA00233905 /* SecondTabViewController.storyboard */; };
		861650A32487D6B800233905 /* SecondTabViewController.swift in Sources */ = {isa = PBXBuildFile; fileRef = 861650A22487D6B800233905 /* SecondTabViewController.swift */; };
		861650A62487EF1B00233905 /* API.swift in Sources */ = {isa = PBXBuildFile; fileRef = 861650A52487EF1B00233905 /* API.swift */; };
		861650A92488D94500233905 /* CityWeather.swift in Sources */ = {isa = PBXBuildFile; fileRef = 861650A82488D94500233905 /* CityWeather.swift */; };
		861650AE2488EE8B00233905 /* Coordinate.swift in Sources */ = {isa = PBXBuildFile; fileRef = 861650AD2488EE8B00233905 /* Coordinate.swift */; };
		861650B02488F0B600233905 /* Weather.swift in Sources */ = {isa = PBXBuildFile; fileRef = 861650AF2488F0B600233905 /* Weather.swift */; };
		861650B62488F11400233905 /* Wind.swift in Sources */ = {isa = PBXBuildFile; fileRef = 861650B52488F11400233905 /* Wind.swift */; };
		861650B82488F12600233905 /* Clouds.swift in Sources */ = {isa = PBXBuildFile; fileRef = 861650B72488F12600233905 /* Clouds.swift */; };
		861650BA2488F13400233905 /* System.swift in Sources */ = {isa = PBXBuildFile; fileRef = 861650B92488F13400233905 /* System.swift */; };
		861650E6248FDE5D00233905 /* WeatherUITableViewCell.swift in Sources */ = {isa = PBXBuildFile; fileRef = 861650E5248FDE5D00233905 /* WeatherUITableViewCell.swift */; };
		861650EA2490D47200233905 /* DailyForecast.swift in Sources */ = {isa = PBXBuildFile; fileRef = 861650E92490D47200233905 /* DailyForecast.swift */; };
		861650ED2490DD5700233905 /* ListForecast.swift in Sources */ = {isa = PBXBuildFile; fileRef = 861650EC2490DD5700233905 /* ListForecast.swift */; };
		861650F12498E3E400233905 /* APIConstants.swift in Sources */ = {isa = PBXBuildFile; fileRef = 861650F02498E3E400233905 /* APIConstants.swift */; };
		861650F32498E86800233905 /* MainForecast.swift in Sources */ = {isa = PBXBuildFile; fileRef = 861650F22498E86800233905 /* MainForecast.swift */; };
		861650F52498FB5100233905 /* WeatherForecast.swift in Sources */ = {isa = PBXBuildFile; fileRef = 861650F42498FB5000233905 /* WeatherForecast.swift */; };
		861650F72498FC6100233905 /* CloudsForecast.swift in Sources */ = {isa = PBXBuildFile; fileRef = 861650F62498FC6100233905 /* CloudsForecast.swift */; };
		861650F92498FCCE00233905 /* WindForecast.swift in Sources */ = {isa = PBXBuildFile; fileRef = 861650F82498FCCE00233905 /* WindForecast.swift */; };
		861650FB2498FD7100233905 /* SystemForecast.swift in Sources */ = {isa = PBXBuildFile; fileRef = 861650FA2498FD7100233905 /* SystemForecast.swift */; };
		861650FD24990B6900233905 /* CityForecast.swift in Sources */ = {isa = PBXBuildFile; fileRef = 861650FC24990B6900233905 /* CityForecast.swift */; };
		861650FF24990CB500233905 /* CoordForecast.swift in Sources */ = {isa = PBXBuildFile; fileRef = 861650FE24990CB500233905 /* CoordForecast.swift */; };
		86165106249A0B3F00233905 /* MyTabBarInitializer.swift in Sources */ = {isa = PBXBuildFile; fileRef = 86165105249A0B3F00233905 /* MyTabBarInitializer.swift */; };
		86165108249A0D3A00233905 /* MyTabBarConfigurator.swift in Sources */ = {isa = PBXBuildFile; fileRef = 86165107249A0D3900233905 /* MyTabBarConfigurator.swift */; };
		8616510A249A0E4000233905 /* MyTabBarPresenter.swift in Sources */ = {isa = PBXBuildFile; fileRef = 86165109249A0E4000233905 /* MyTabBarPresenter.swift */; };
		8616510C249A0EC000233905 /* MyTabBarViewInput.swift in Sources */ = {isa = PBXBuildFile; fileRef = 8616510B249A0EC000233905 /* MyTabBarViewInput.swift */; };
		8616510E249A0ED000233905 /* MyTabBarViewOutput.swift in Sources */ = {isa = PBXBuildFile; fileRef = 8616510D249A0ED000233905 /* MyTabBarViewOutput.swift */; };
		86165113249A299A00233905 /* FirstTabInitializer.swift in Sources */ = {isa = PBXBuildFile; fileRef = 86165112249A299A00233905 /* FirstTabInitializer.swift */; };
		86165115249A29B500233905 /* FirstTabConfigurator.swift in Sources */ = {isa = PBXBuildFile; fileRef = 86165114249A29B500233905 /* FirstTabConfigurator.swift */; };
		86165117249A29CD00233905 /* FirstTabPresenter.swift in Sources */ = {isa = PBXBuildFile; fileRef = 86165116249A29CD00233905 /* FirstTabPresenter.swift */; };
		86165119249A2BC500233905 /* FirstTabViewOutput.swift in Sources */ = {isa = PBXBuildFile; fileRef = 86165118249A2BC500233905 /* FirstTabViewOutput.swift */; };
		8616511B249A2C6300233905 /* FirstTabViewInput.swift in Sources */ = {isa = PBXBuildFile; fileRef = 8616511A249A2C6300233905 /* FirstTabViewInput.swift */; };
		86482D242487AC6C00ED31D8 /* AppDelegate.swift in Sources */ = {isa = PBXBuildFile; fileRef = 86482D232487AC6C00ED31D8 /* AppDelegate.swift */; };
		86482D2B2487AC6C00ED31D8 /* MyTabBarController.storyboard in Resources */ = {isa = PBXBuildFile; fileRef = 86482D292487AC6C00ED31D8 /* MyTabBarController.storyboard */; };
		86482D2D2487AC6F00ED31D8 /* Assets.xcassets in Resources */ = {isa = PBXBuildFile; fileRef = 86482D2C2487AC6F00ED31D8 /* Assets.xcassets */; };
		86482D302487AC6F00ED31D8 /* LaunchScreen.storyboard in Resources */ = {isa = PBXBuildFile; fileRef = 86482D2E2487AC6F00ED31D8 /* LaunchScreen.storyboard */; };
		86482D382487D3F900ED31D8 /* MyTabBarController.swift in Sources */ = {isa = PBXBuildFile; fileRef = 86482D372487D3F900ED31D8 /* MyTabBarController.swift */; };
		86482D3C2487D46800ED31D8 /* FirstTabViewController.storyboard in Resources */ = {isa = PBXBuildFile; fileRef = 86482D3B2487D46800ED31D8 /* FirstTabViewController.storyboard */; };
		86B8F59624C0A2F100A8EDB4 /* HeaderDailyForecast.swift in Sources */ = {isa = PBXBuildFile; fileRef = 86B8F59424C0A2F100A8EDB4 /* HeaderDailyForecast.swift */; };
		86B8F59924C1915600A8EDB4 /* HeaderDailyForecast.xib in Resources */ = {isa = PBXBuildFile; fileRef = 86B8F59824C1915600A8EDB4 /* HeaderDailyForecast.xib */; };
		86FA29E724BD951700F32088 /* DataManager.swift in Sources */ = {isa = PBXBuildFile; fileRef = 86FA29E624BD951700F32088 /* DataManager.swift */; };
		86FA29F424BDA0B600F32088 /* Main.swift in Sources */ = {isa = PBXBuildFile; fileRef = 86FA29F324BDA0B600F32088 /* Main.swift */; };
		86FA29F624BDB2CB00F32088 /* Utils.swift in Sources */ = {isa = PBXBuildFile; fileRef = 86FA29F524BDB2CB00F32088 /* Utils.swift */; };
		86FA29FA24BDD27400F32088 /* SecondTabConfigurator.swift in Sources */ = {isa = PBXBuildFile; fileRef = 86FA29F924BDD27400F32088 /* SecondTabConfigurator.swift */; };
		86FA29FC24BDD28100F32088 /* SecondTabInitializer.swift in Sources */ = {isa = PBXBuildFile; fileRef = 86FA29FB24BDD28100F32088 /* SecondTabInitializer.swift */; };
		86FA29FE24BDD39700F32088 /* SecondTabPresenter.swift in Sources */ = {isa = PBXBuildFile; fileRef = 86FA29FD24BDD39700F32088 /* SecondTabPresenter.swift */; };
		86FA2A0024BDD40900F32088 /* SecondTabViewInput.swift in Sources */ = {isa = PBXBuildFile; fileRef = 86FA29FF24BDD40900F32088 /* SecondTabViewInput.swift */; };
		86FA2A0224BDD42100F32088 /* SecondTabViewOutput.swift in Sources */ = {isa = PBXBuildFile; fileRef = 86FA2A0124BDD42100F32088 /* SecondTabViewOutput.swift */; };
		BD17B9630A7A34C3FB8DB3E8 /* Pods_MyWeatherApp.framework in Frameworks */ = {isa = PBXBuildFile; fileRef = DF7AB271B4542C13E6C9E7E5 /* Pods_MyWeatherApp.framework */; };
/* End PBXBuildFile section */

/* Begin PBXFileReference section */
		52CCE299C8036F0DABFE894F /* Pods-MyWeatherApp.debug.xcconfig */ = {isa = PBXFileReference; includeInIndex = 1; lastKnownFileType = text.xcconfig; name = "Pods-MyWeatherApp.debug.xcconfig"; path = "Target Support Files/Pods-MyWeatherApp/Pods-MyWeatherApp.debug.xcconfig"; sourceTree = "<group>"; };
		5D75B5962D778075B68DD189 /* Pods-MyWeatherApp.release.xcconfig */ = {isa = PBXFileReference; includeInIndex = 1; lastKnownFileType = text.xcconfig; name = "Pods-MyWeatherApp.release.xcconfig"; path = "Target Support Files/Pods-MyWeatherApp/Pods-MyWeatherApp.release.xcconfig"; sourceTree = "<group>"; };
		8616509D2487D63100233905 /* FirstTabViewController.swift */ = {isa = PBXFileReference; lastKnownFileType = sourcecode.swift; path = FirstTabViewController.swift; sourceTree = "<group>"; };
		861650A02487D6AA00233905 /* SecondTabViewController.storyboard */ = {isa = PBXFileReference; lastKnownFileType = file.storyboard; path = SecondTabViewController.storyboard; sourceTree = "<group>"; };
		861650A22487D6B800233905 /* SecondTabViewController.swift */ = {isa = PBXFileReference; lastKnownFileType = sourcecode.swift; path = SecondTabViewController.swift; sourceTree = "<group>"; };
		861650A52487EF1B00233905 /* API.swift */ = {isa = PBXFileReference; lastKnownFileType = sourcecode.swift; path = API.swift; sourceTree = "<group>"; };
		861650A82488D94500233905 /* CityWeather.swift */ = {isa = PBXFileReference; lastKnownFileType = sourcecode.swift; path = CityWeather.swift; sourceTree = "<group>"; };
		861650AD2488EE8B00233905 /* Coordinate.swift */ = {isa = PBXFileReference; lastKnownFileType = sourcecode.swift; path = Coordinate.swift; sourceTree = "<group>"; };
		861650AF2488F0B600233905 /* Weather.swift */ = {isa = PBXFileReference; lastKnownFileType = sourcecode.swift; path = Weather.swift; sourceTree = "<group>"; };
		861650B52488F11400233905 /* Wind.swift */ = {isa = PBXFileReference; lastKnownFileType = sourcecode.swift; path = Wind.swift; sourceTree = "<group>"; };
		861650B72488F12600233905 /* Clouds.swift */ = {isa = PBXFileReference; lastKnownFileType = sourcecode.swift; path = Clouds.swift; sourceTree = "<group>"; };
		861650B92488F13400233905 /* System.swift */ = {isa = PBXFileReference; lastKnownFileType = sourcecode.swift; path = System.swift; sourceTree = "<group>"; };
		861650E5248FDE5D00233905 /* WeatherUITableViewCell.swift */ = {isa = PBXFileReference; lastKnownFileType = sourcecode.swift; path = WeatherUITableViewCell.swift; sourceTree = "<group>"; };
		861650E92490D47200233905 /* DailyForecast.swift */ = {isa = PBXFileReference; lastKnownFileType = sourcecode.swift; path = DailyForecast.swift; sourceTree = "<group>"; };
		861650EC2490DD5700233905 /* ListForecast.swift */ = {isa = PBXFileReference; lastKnownFileType = sourcecode.swift; path = ListForecast.swift; sourceTree = "<group>"; };
		861650F02498E3E400233905 /* APIConstants.swift */ = {isa = PBXFileReference; lastKnownFileType = sourcecode.swift; path = APIConstants.swift; sourceTree = "<group>"; };
		861650F22498E86800233905 /* MainForecast.swift */ = {isa = PBXFileReference; lastKnownFileType = sourcecode.swift; path = MainForecast.swift; sourceTree = "<group>"; };
		861650F42498FB5000233905 /* WeatherForecast.swift */ = {isa = PBXFileReference; lastKnownFileType = sourcecode.swift; path = WeatherForecast.swift; sourceTree = "<group>"; };
		861650F62498FC6100233905 /* CloudsForecast.swift */ = {isa = PBXFileReference; lastKnownFileType = sourcecode.swift; path = CloudsForecast.swift; sourceTree = "<group>"; };
		861650F82498FCCE00233905 /* WindForecast.swift */ = {isa = PBXFileReference; lastKnownFileType = sourcecode.swift; path = WindForecast.swift; sourceTree = "<group>"; };
		861650FA2498FD7100233905 /* SystemForecast.swift */ = {isa = PBXFileReference; lastKnownFileType = sourcecode.swift; path = SystemForecast.swift; sourceTree = "<group>"; };
		861650FC24990B6900233905 /* CityForecast.swift */ = {isa = PBXFileReference; lastKnownFileType = sourcecode.swift; path = CityForecast.swift; sourceTree = "<group>"; };
		861650FE24990CB500233905 /* CoordForecast.swift */ = {isa = PBXFileReference; lastKnownFileType = sourcecode.swift; path = CoordForecast.swift; sourceTree = "<group>"; };
		86165105249A0B3F00233905 /* MyTabBarInitializer.swift */ = {isa = PBXFileReference; lastKnownFileType = sourcecode.swift; path = MyTabBarInitializer.swift; sourceTree = "<group>"; };
		86165107249A0D3900233905 /* MyTabBarConfigurator.swift */ = {isa = PBXFileReference; lastKnownFileType = sourcecode.swift; path = MyTabBarConfigurator.swift; sourceTree = "<group>"; };
		86165109249A0E4000233905 /* MyTabBarPresenter.swift */ = {isa = PBXFileReference; lastKnownFileType = sourcecode.swift; path = MyTabBarPresenter.swift; sourceTree = "<group>"; };
		8616510B249A0EC000233905 /* MyTabBarViewInput.swift */ = {isa = PBXFileReference; lastKnownFileType = sourcecode.swift; path = MyTabBarViewInput.swift; sourceTree = "<group>"; };
		8616510D249A0ED000233905 /* MyTabBarViewOutput.swift */ = {isa = PBXFileReference; lastKnownFileType = sourcecode.swift; path = MyTabBarViewOutput.swift; sourceTree = "<group>"; };
		86165112249A299A00233905 /* FirstTabInitializer.swift */ = {isa = PBXFileReference; lastKnownFileType = sourcecode.swift; path = FirstTabInitializer.swift; sourceTree = "<group>"; };
		86165114249A29B500233905 /* FirstTabConfigurator.swift */ = {isa = PBXFileReference; lastKnownFileType = sourcecode.swift; path = FirstTabConfigurator.swift; sourceTree = "<group>"; };
		86165116249A29CD00233905 /* FirstTabPresenter.swift */ = {isa = PBXFileReference; lastKnownFileType = sourcecode.swift; path = FirstTabPresenter.swift; sourceTree = "<group>"; };
		86165118249A2BC500233905 /* FirstTabViewOutput.swift */ = {isa = PBXFileReference; lastKnownFileType = sourcecode.swift; path = FirstTabViewOutput.swift; sourceTree = "<group>"; };
		8616511A249A2C6300233905 /* FirstTabViewInput.swift */ = {isa = PBXFileReference; lastKnownFileType = sourcecode.swift; path = FirstTabViewInput.swift; sourceTree = "<group>"; };
		86482D202487AC6B00ED31D8 /* MyWeatherApp.app */ = {isa = PBXFileReference; explicitFileType = wrapper.application; includeInIndex = 0; path = MyWeatherApp.app; sourceTree = BUILT_PRODUCTS_DIR; };
		86482D232487AC6C00ED31D8 /* AppDelegate.swift */ = {isa = PBXFileReference; lastKnownFileType = sourcecode.swift; path = AppDelegate.swift; sourceTree = "<group>"; };
		86482D2A2487AC6C00ED31D8 /* Base */ = {isa = PBXFileReference; lastKnownFileType = file.storyboard; name = Base; path = Base.lproj/MyTabBarController.storyboard; sourceTree = "<group>"; };
		86482D2C2487AC6F00ED31D8 /* Assets.xcassets */ = {isa = PBXFileReference; lastKnownFileType = folder.assetcatalog; path = Assets.xcassets; sourceTree = "<group>"; };
		86482D2F2487AC6F00ED31D8 /* Base */ = {isa = PBXFileReference; lastKnownFileType = file.storyboard; name = Base; path = Base.lproj/LaunchScreen.storyboard; sourceTree = "<group>"; };
		86482D312487AC6F00ED31D8 /* Info.plist */ = {isa = PBXFileReference; lastKnownFileType = text.plist.xml; path = Info.plist; sourceTree = "<group>"; };
		86482D372487D3F900ED31D8 /* MyTabBarController.swift */ = {isa = PBXFileReference; lastKnownFileType = sourcecode.swift; path = MyTabBarController.swift; sourceTree = "<group>"; };
		86482D3B2487D46800ED31D8 /* FirstTabViewController.storyboard */ = {isa = PBXFileReference; lastKnownFileType = file.storyboard; path = FirstTabViewController.storyboard; sourceTree = "<group>"; };
		86B8F59424C0A2F100A8EDB4 /* HeaderDailyForecast.swift */ = {isa = PBXFileReference; lastKnownFileType = sourcecode.swift; path = HeaderDailyForecast.swift; sourceTree = "<group>"; };
		86B8F59824C1915600A8EDB4 /* HeaderDailyForecast.xib */ = {isa = PBXFileReference; lastKnownFileType = file.xib; path = HeaderDailyForecast.xib; sourceTree = "<group>"; };
		86FA29E624BD951700F32088 /* DataManager.swift */ = {isa = PBXFileReference; lastKnownFileType = sourcecode.swift; path = DataManager.swift; sourceTree = "<group>"; };
		86FA29F324BDA0B600F32088 /* Main.swift */ = {isa = PBXFileReference; fileEncoding = 4; lastKnownFileType = sourcecode.swift; path = Main.swift; sourceTree = "<group>"; };
		86FA29F524BDB2CB00F32088 /* Utils.swift */ = {isa = PBXFileReference; lastKnownFileType = sourcecode.swift; path = Utils.swift; sourceTree = "<group>"; };
		86FA29F924BDD27400F32088 /* SecondTabConfigurator.swift */ = {isa = PBXFileReference; lastKnownFileType = sourcecode.swift; path = SecondTabConfigurator.swift; sourceTree = "<group>"; };
		86FA29FB24BDD28100F32088 /* SecondTabInitializer.swift */ = {isa = PBXFileReference; lastKnownFileType = sourcecode.swift; path = SecondTabInitializer.swift; sourceTree = "<group>"; };
		86FA29FD24BDD39700F32088 /* SecondTabPresenter.swift */ = {isa = PBXFileReference; lastKnownFileType = sourcecode.swift; path = SecondTabPresenter.swift; sourceTree = "<group>"; };
		86FA29FF24BDD40900F32088 /* SecondTabViewInput.swift */ = {isa = PBXFileReference; lastKnownFileType = sourcecode.swift; path = SecondTabViewInput.swift; sourceTree = "<group>"; };
		86FA2A0124BDD42100F32088 /* SecondTabViewOutput.swift */ = {isa = PBXFileReference; lastKnownFileType = sourcecode.swift; path = SecondTabViewOutput.swift; sourceTree = "<group>"; };
		DF7AB271B4542C13E6C9E7E5 /* Pods_MyWeatherApp.framework */ = {isa = PBXFileReference; explicitFileType = wrapper.framework; includeInIndex = 0; path = Pods_MyWeatherApp.framework; sourceTree = BUILT_PRODUCTS_DIR; };
/* End PBXFileReference section */

/* Begin PBXFrameworksBuildPhase section */
		86482D1D2487AC6B00ED31D8 /* Frameworks */ = {
			isa = PBXFrameworksBuildPhase;
			buildActionMask = 2147483647;
			files = (
				BD17B9630A7A34C3FB8DB3E8 /* Pods_MyWeatherApp.framework in Frameworks */,
			);
			runOnlyForDeploymentPostprocessing = 0;
		};
/* End PBXFrameworksBuildPhase section */

/* Begin PBXGroup section */
		41741A05CC6CFC9F75539FBC /* Frameworks */ = {
			isa = PBXGroup;
			children = (
				DF7AB271B4542C13E6C9E7E5 /* Pods_MyWeatherApp.framework */,
			);
			name = Frameworks;
			sourceTree = "<group>";
		};
		8616509F2487D67300233905 /* FirstTabController */ = {
			isa = PBXGroup;
			children = (
				86165110249A292900233905 /* Configurator */,
				8616510F249A28FF00233905 /* View */,
				86165111249A293800233905 /* Presenter */,
			);
			path = FirstTabController;
			sourceTree = "<group>";
		};
		861650A42487D6BF00233905 /* SecondTabController */ = {
			isa = PBXGroup;
			children = (
				861650E7248FDE6900233905 /* Cells */,
				86FA29F724BDD1A200F32088 /* Configurator */,
				861650E4248FDE2E00233905 /* View */,
				86FA29F824BDD1AD00F32088 /* Presenter */,
			);
			path = SecondTabController;
			sourceTree = "<group>";
		};
		861650A72487EF2100233905 /* BusinessLayer */ = {
			isa = PBXGroup;
			children = (
				861650A52487EF1B00233905 /* API.swift */,
				861650F02498E3E400233905 /* APIConstants.swift */,
				86FA29E624BD951700F32088 /* DataManager.swift */,
			);
			path = BusinessLayer;
			sourceTree = "<group>";
		};
		861650E4248FDE2E00233905 /* View */ = {
			isa = PBXGroup;
			children = (
				8649885F24C087D40069C172 /* SubViews */,
				86FA29FF24BDD40900F32088 /* SecondTabViewInput.swift */,
				861650A22487D6B800233905 /* SecondTabViewController.swift */,
				86FA2A0124BDD42100F32088 /* SecondTabViewOutput.swift */,
				861650A02487D6AA00233905 /* SecondTabViewController.storyboard */,
			);
			path = View;
			sourceTree = "<group>";
		};
		861650E7248FDE6900233905 /* Cells */ = {
			isa = PBXGroup;
			children = (
				861650E5248FDE5D00233905 /* WeatherUITableViewCell.swift */,
			);
			path = Cells;
			sourceTree = "<group>";
		};
		861650E82490D44D00233905 /* TodayModel */ = {
			isa = PBXGroup;
			children = (
				86FA29F324BDA0B600F32088 /* Main.swift */,
				861650A82488D94500233905 /* CityWeather.swift */,
				861650AD2488EE8B00233905 /* Coordinate.swift */,
				861650AF2488F0B600233905 /* Weather.swift */,
				861650B52488F11400233905 /* Wind.swift */,
				861650B72488F12600233905 /* Clouds.swift */,
				861650B92488F13400233905 /* System.swift */,
			);
			path = TodayModel;
			sourceTree = "<group>";
		};
		861650EB2490D8D600233905 /* ForecastModel */ = {
			isa = PBXGroup;
			children = (
				861650E92490D47200233905 /* DailyForecast.swift */,
				861650FC24990B6900233905 /* CityForecast.swift */,
				861650FE24990CB500233905 /* CoordForecast.swift */,
				861650EC2490DD5700233905 /* ListForecast.swift */,
				861650F22498E86800233905 /* MainForecast.swift */,
				861650F42498FB5000233905 /* WeatherForecast.swift */,
				861650F62498FC6100233905 /* CloudsForecast.swift */,
				861650F82498FCCE00233905 /* WindForecast.swift */,
				861650FA2498FD7100233905 /* SystemForecast.swift */,
			);
			path = ForecastModel;
			sourceTree = "<group>";
		};
		86165100249A0A6500233905 /* View */ = {
			isa = PBXGroup;
			children = (
				8616510B249A0EC000233905 /* MyTabBarViewInput.swift */,
				86482D372487D3F900ED31D8 /* MyTabBarController.swift */,
				8616510D249A0ED000233905 /* MyTabBarViewOutput.swift */,
				86482D292487AC6C00ED31D8 /* MyTabBarController.storyboard */,
			);
			path = View;
			sourceTree = "<group>";
		};
		86165101249A0A7200233905 /* Configurator */ = {
			isa = PBXGroup;
			children = (
				86165105249A0B3F00233905 /* MyTabBarInitializer.swift */,
				86165107249A0D3900233905 /* MyTabBarConfigurator.swift */,
			);
			path = Configurator;
			sourceTree = "<group>";
		};
		86165102249A0A7F00233905 /* Presenter */ = {
			isa = PBXGroup;
			children = (
				86165109249A0E4000233905 /* MyTabBarPresenter.swift */,
			);
			path = Presenter;
			sourceTree = "<group>";
		};
		8616510F249A28FF00233905 /* View */ = {
			isa = PBXGroup;
			children = (
				8616511A249A2C6300233905 /* FirstTabViewInput.swift */,
				8616509D2487D63100233905 /* FirstTabViewController.swift */,
				86165118249A2BC500233905 /* FirstTabViewOutput.swift */,
				86482D3B2487D46800ED31D8 /* FirstTabViewController.storyboard */,
			);
			path = View;
			sourceTree = "<group>";
		};
		86165110249A292900233905 /* Configurator */ = {
			isa = PBXGroup;
			children = (
				86165112249A299A00233905 /* FirstTabInitializer.swift */,
				86165114249A29B500233905 /* FirstTabConfigurator.swift */,
			);
			path = Configurator;
			sourceTree = "<group>";
		};
		86165111249A293800233905 /* Presenter */ = {
			isa = PBXGroup;
			children = (
				86165116249A29CD00233905 /* FirstTabPresenter.swift */,
			);
			path = Presenter;
			sourceTree = "<group>";
		};
		86482D172487AC6B00ED31D8 = {
			isa = PBXGroup;
			children = (
				86482D222487AC6B00ED31D8 /* MyWeatherApp */,
				86482D212487AC6B00ED31D8 /* Products */,
				91A1F148B0AA09AAC07D72EA /* Pods */,
				41741A05CC6CFC9F75539FBC /* Frameworks */,
			);
			sourceTree = "<group>";
		};
		86482D212487AC6B00ED31D8 /* Products */ = {
			isa = PBXGroup;
			children = (
				86482D202487AC6B00ED31D8 /* MyWeatherApp.app */,
			);
			name = Products;
			sourceTree = "<group>";
		};
		86482D222487AC6B00ED31D8 /* MyWeatherApp */ = {
			isa = PBXGroup;
			children = (
				86482D232487AC6C00ED31D8 /* AppDelegate.swift */,
				86FA29E524BD94F600F32088 /* Model */,
				86482D392487D41B00ED31D8 /* PresentationLayer */,
				861650A72487EF2100233905 /* BusinessLayer */,
				86482D2E2487AC6F00ED31D8 /* LaunchScreen.storyboard */,
				86482D2C2487AC6F00ED31D8 /* Assets.xcassets */,
				86482D312487AC6F00ED31D8 /* Info.plist */,
				86FA29F524BDB2CB00F32088 /* Utils.swift */,
			);
			path = MyWeatherApp;
			sourceTree = "<group>";
		};
		86482D392487D41B00ED31D8 /* PresentationLayer */ = {
			isa = PBXGroup;
			children = (
				86482D3A2487D42B00ED31D8 /* MyTabBar */,
				8616509F2487D67300233905 /* FirstTabController */,
				861650A42487D6BF00233905 /* SecondTabController */,
			);
			path = PresentationLayer;
			sourceTree = "<group>";
		};
		86482D3A2487D42B00ED31D8 /* MyTabBar */ = {
			isa = PBXGroup;
			children = (
				86165101249A0A7200233905 /* Configurator */,
				86165100249A0A6500233905 /* View */,
				86165102249A0A7F00233905 /* Presenter */,
			);
			path = MyTabBar;
			sourceTree = "<group>";
		};
		8649885F24C087D40069C172 /* SubViews */ = {
			isa = PBXGroup;
			children = (
				86B8F59424C0A2F100A8EDB4 /* HeaderDailyForecast.swift */,
				86B8F59824C1915600A8EDB4 /* HeaderDailyForecast.xib */,
			);
			path = SubViews;
			sourceTree = "<group>";
		};
		86FA29E524BD94F600F32088 /* Model */ = {
			isa = PBXGroup;
			children = (
				861650E82490D44D00233905 /* TodayModel */,
				861650EB2490D8D600233905 /* ForecastModel */,
			);
			path = Model;
			sourceTree = "<group>";
		};
		86FA29F724BDD1A200F32088 /* Configurator */ = {
			isa = PBXGroup;
			children = (
				86FA29FB24BDD28100F32088 /* SecondTabInitializer.swift */,
				86FA29F924BDD27400F32088 /* SecondTabConfigurator.swift */,
			);
			path = Configurator;
			sourceTree = "<group>";
		};
		86FA29F824BDD1AD00F32088 /* Presenter */ = {
			isa = PBXGroup;
			children = (
				86FA29FD24BDD39700F32088 /* SecondTabPresenter.swift */,
			);
			path = Presenter;
			sourceTree = "<group>";
		};
		91A1F148B0AA09AAC07D72EA /* Pods */ = {
			isa = PBXGroup;
			children = (
				52CCE299C8036F0DABFE894F /* Pods-MyWeatherApp.debug.xcconfig */,
				5D75B5962D778075B68DD189 /* Pods-MyWeatherApp.release.xcconfig */,
			);
			path = Pods;
			sourceTree = "<group>";
		};
/* End PBXGroup section */

/* Begin PBXNativeTarget section */
		86482D1F2487AC6B00ED31D8 /* MyWeatherApp */ = {
			isa = PBXNativeTarget;
			buildConfigurationList = 86482D342487AC6F00ED31D8 /* Build configuration list for PBXNativeTarget "MyWeatherApp" */;
			buildPhases = (
				546DE626F156A3786AD86956 /* [CP] Check Pods Manifest.lock */,
				86482D1C2487AC6B00ED31D8 /* Sources */,
				86482D1D2487AC6B00ED31D8 /* Frameworks */,
				86482D1E2487AC6B00ED31D8 /* Resources */,
				2C04993E61C6F6FF2E1A57EE /* [CP] Embed Pods Frameworks */,
			);
			buildRules = (
			);
			dependencies = (
			);
			name = MyWeatherApp;
			productName = MyWeatherApp;
			productReference = 86482D202487AC6B00ED31D8 /* MyWeatherApp.app */;
			productType = "com.apple.product-type.application";
		};
/* End PBXNativeTarget section */

/* Begin PBXProject section */
		86482D182487AC6B00ED31D8 /* Project object */ = {
			isa = PBXProject;
			attributes = {
				LastSwiftUpdateCheck = 1120;
				LastUpgradeCheck = 1120;
				ORGANIZATIONNAME = vladislav;
				TargetAttributes = {
					86482D1F2487AC6B00ED31D8 = {
						CreatedOnToolsVersion = 11.2.1;
					};
				};
			};
			buildConfigurationList = 86482D1B2487AC6B00ED31D8 /* Build configuration list for PBXProject "MyWeatherApp" */;
			compatibilityVersion = "Xcode 9.3";
			developmentRegion = en;
			hasScannedForEncodings = 0;
			knownRegions = (
				en,
				Base,
			);
			mainGroup = 86482D172487AC6B00ED31D8;
			productRefGroup = 86482D212487AC6B00ED31D8 /* Products */;
			projectDirPath = "";
			projectRoot = "";
			targets = (
				86482D1F2487AC6B00ED31D8 /* MyWeatherApp */,
			);
		};
/* End PBXProject section */

/* Begin PBXResourcesBuildPhase section */
		86482D1E2487AC6B00ED31D8 /* Resources */ = {
			isa = PBXResourcesBuildPhase;
			buildActionMask = 2147483647;
			files = (
				86482D302487AC6F00ED31D8 /* LaunchScreen.storyboard in Resources */,
				86B8F59924C1915600A8EDB4 /* HeaderDailyForecast.xib in Resources */,
				86482D3C2487D46800ED31D8 /* FirstTabViewController.storyboard in Resources */,
				861650A12487D6AA00233905 /* SecondTabViewController.storyboard in Resources */,
				86482D2D2487AC6F00ED31D8 /* Assets.xcassets in Resources */,
				86482D2B2487AC6C00ED31D8 /* MyTabBarController.storyboard in Resources */,
			);
			runOnlyForDeploymentPostprocessing = 0;
		};
/* End PBXResourcesBuildPhase section */

/* Begin PBXShellScriptBuildPhase section */
		2C04993E61C6F6FF2E1A57EE /* [CP] Embed Pods Frameworks */ = {
			isa = PBXShellScriptBuildPhase;
			buildActionMask = 2147483647;
			files = (
			);
			inputFileListPaths = (
				"${PODS_ROOT}/Target Support Files/Pods-MyWeatherApp/Pods-MyWeatherApp-frameworks-${CONFIGURATION}-input-files.xcfilelist",
			);
			name = "[CP] Embed Pods Frameworks";
			outputFileListPaths = (
				"${PODS_ROOT}/Target Support Files/Pods-MyWeatherApp/Pods-MyWeatherApp-frameworks-${CONFIGURATION}-output-files.xcfilelist",
			);
			runOnlyForDeploymentPostprocessing = 0;
			shellPath = /bin/sh;
			shellScript = "\"${PODS_ROOT}/Target Support Files/Pods-MyWeatherApp/Pods-MyWeatherApp-frameworks.sh\"\n";
			showEnvVarsInLog = 0;
		};
		546DE626F156A3786AD86956 /* [CP] Check Pods Manifest.lock */ = {
			isa = PBXShellScriptBuildPhase;
			buildActionMask = 2147483647;
			files = (
			);
			inputFileListPaths = (
			);
			inputPaths = (
				"${PODS_PODFILE_DIR_PATH}/Podfile.lock",
				"${PODS_ROOT}/Manifest.lock",
			);
			name = "[CP] Check Pods Manifest.lock";
			outputFileListPaths = (
			);
			outputPaths = (
				"$(DERIVED_FILE_DIR)/Pods-MyWeatherApp-checkManifestLockResult.txt",
			);
			runOnlyForDeploymentPostprocessing = 0;
			shellPath = /bin/sh;
			shellScript = "diff \"${PODS_PODFILE_DIR_PATH}/Podfile.lock\" \"${PODS_ROOT}/Manifest.lock\" > /dev/null\nif [ $? != 0 ] ; then\n    # print error to STDERR\n    echo \"error: The sandbox is not in sync with the Podfile.lock. Run 'pod install' or update your CocoaPods installation.\" >&2\n    exit 1\nfi\n# This output is used by Xcode 'outputs' to avoid re-running this script phase.\necho \"SUCCESS\" > \"${SCRIPT_OUTPUT_FILE_0}\"\n";
			showEnvVarsInLog = 0;
		};
/* End PBXShellScriptBuildPhase section */

/* Begin PBXSourcesBuildPhase section */
		86482D1C2487AC6B00ED31D8 /* Sources */ = {
			isa = PBXSourcesBuildPhase;
			buildActionMask = 2147483647;
			files = (
				861650EA2490D47200233905 /* DailyForecast.swift in Sources */,
				86165108249A0D3A00233905 /* MyTabBarConfigurator.swift in Sources */,
				861650B62488F11400233905 /* Wind.swift in Sources */,
				86165115249A29B500233905 /* FirstTabConfigurator.swift in Sources */,
				86FA29FC24BDD28100F32088 /* SecondTabInitializer.swift in Sources */,
				861650FF24990CB500233905 /* CoordForecast.swift in Sources */,
				861650F92498FCCE00233905 /* WindForecast.swift in Sources */,
				861650B02488F0B600233905 /* Weather.swift in Sources */,
				861650F32498E86800233905 /* MainForecast.swift in Sources */,
				861650B82488F12600233905 /* Clouds.swift in Sources */,
				86FA29E724BD951700F32088 /* DataManager.swift in Sources */,
				86FA29F624BDB2CB00F32088 /* Utils.swift in Sources */,
				861650F12498E3E400233905 /* APIConstants.swift in Sources */,
				861650BA2488F13400233905 /* System.swift in Sources */,
				861650AE2488EE8B00233905 /* Coordinate.swift in Sources */,
				861650E6248FDE5D00233905 /* WeatherUITableViewCell.swift in Sources */,
				86165113249A299A00233905 /* FirstTabInitializer.swift in Sources */,
				861650F52498FB5100233905 /* WeatherForecast.swift in Sources */,
				86B8F59624C0A2F100A8EDB4 /* HeaderDailyForecast.swift in Sources */,
				8616510E249A0ED000233905 /* MyTabBarViewOutput.swift in Sources */,
				86482D242487AC6C00ED31D8 /* AppDelegate.swift in Sources */,
				86FA29F424BDA0B600F32088 /* Main.swift in Sources */,
				861650FB2498FD7100233905 /* SystemForecast.swift in Sources */,
				861650FD24990B6900233905 /* CityForecast.swift in Sources */,
				861650ED2490DD5700233905 /* ListForecast.swift in Sources */,
				86482D382487D3F900ED31D8 /* MyTabBarController.swift in Sources */,
				861650F72498FC6100233905 /* CloudsForecast.swift in Sources */,
				86165106249A0B3F00233905 /* MyTabBarInitializer.swift in Sources */,
				86FA2A0224BDD42100F32088 /* SecondTabViewOutput.swift in Sources */,
				861650A32487D6B800233905 /* SecondTabViewController.swift in Sources */,
				8616511B249A2C6300233905 /* FirstTabViewInput.swift in Sources */,
				86FA29FA24BDD27400F32088 /* SecondTabConfigurator.swift in Sources */,
				86FA29FE24BDD39700F32088 /* SecondTabPresenter.swift in Sources */,
				8616509E2487D63100233905 /* FirstTabViewController.swift in Sources */,
				8616510A249A0E4000233905 /* MyTabBarPresenter.swift in Sources */,
				861650A92488D94500233905 /* CityWeather.swift in Sources */,
				861650A62487EF1B00233905 /* API.swift in Sources */,
				86165117249A29CD00233905 /* FirstTabPresenter.swift in Sources */,
				86165119249A2BC500233905 /* FirstTabViewOutput.swift in Sources */,
				8616510C249A0EC000233905 /* MyTabBarViewInput.swift in Sources */,
				86FA2A0024BDD40900F32088 /* SecondTabViewInput.swift in Sources */,
			);
			runOnlyForDeploymentPostprocessing = 0;
		};
/* End PBXSourcesBuildPhase section */

/* Begin PBXVariantGroup section */
		86482D292487AC6C00ED31D8 /* MyTabBarController.storyboard */ = {
			isa = PBXVariantGroup;
			children = (
				86482D2A2487AC6C00ED31D8 /* Base */,
			);
			name = MyTabBarController.storyboard;
			sourceTree = "<group>";
		};
		86482D2E2487AC6F00ED31D8 /* LaunchScreen.storyboard */ = {
			isa = PBXVariantGroup;
			children = (
				86482D2F2487AC6F00ED31D8 /* Base */,
			);
			name = LaunchScreen.storyboard;
			sourceTree = "<group>";
		};
/* End PBXVariantGroup section */

/* Begin XCBuildConfiguration section */
		86482D322487AC6F00ED31D8 /* Debug */ = {
			isa = XCBuildConfiguration;
			buildSettings = {
				ALWAYS_SEARCH_USER_PATHS = NO;
				CLANG_ANALYZER_NONNULL = YES;
				CLANG_ANALYZER_NUMBER_OBJECT_CONVERSION = YES_AGGRESSIVE;
				CLANG_CXX_LANGUAGE_STANDARD = "gnu++14";
				CLANG_CXX_LIBRARY = "libc++";
				CLANG_ENABLE_MODULES = YES;
				CLANG_ENABLE_OBJC_ARC = YES;
				CLANG_ENABLE_OBJC_WEAK = YES;
				CLANG_WARN_BLOCK_CAPTURE_AUTORELEASING = YES;
				CLANG_WARN_BOOL_CONVERSION = YES;
				CLANG_WARN_COMMA = YES;
				CLANG_WARN_CONSTANT_CONVERSION = YES;
				CLANG_WARN_DEPRECATED_OBJC_IMPLEMENTATIONS = YES;
				CLANG_WARN_DIRECT_OBJC_ISA_USAGE = YES_ERROR;
				CLANG_WARN_DOCUMENTATION_COMMENTS = YES;
				CLANG_WARN_EMPTY_BODY = YES;
				CLANG_WARN_ENUM_CONVERSION = YES;
				CLANG_WARN_INFINITE_RECURSION = YES;
				CLANG_WARN_INT_CONVERSION = YES;
				CLANG_WARN_NON_LITERAL_NULL_CONVERSION = YES;
				CLANG_WARN_OBJC_IMPLICIT_RETAIN_SELF = YES;
				CLANG_WARN_OBJC_LITERAL_CONVERSION = YES;
				CLANG_WARN_OBJC_ROOT_CLASS = YES_ERROR;
				CLANG_WARN_RANGE_LOOP_ANALYSIS = YES;
				CLANG_WARN_STRICT_PROTOTYPES = YES;
				CLANG_WARN_SUSPICIOUS_MOVE = YES;
				CLANG_WARN_UNGUARDED_AVAILABILITY = YES_AGGRESSIVE;
				CLANG_WARN_UNREACHABLE_CODE = YES;
				CLANG_WARN__DUPLICATE_METHOD_MATCH = YES;
				COPY_PHASE_STRIP = NO;
				DEBUG_INFORMATION_FORMAT = dwarf;
				ENABLE_STRICT_OBJC_MSGSEND = YES;
				ENABLE_TESTABILITY = YES;
				GCC_C_LANGUAGE_STANDARD = gnu11;
				GCC_DYNAMIC_NO_PIC = NO;
				GCC_NO_COMMON_BLOCKS = YES;
				GCC_OPTIMIZATION_LEVEL = 0;
				GCC_PREPROCESSOR_DEFINITIONS = (
					"DEBUG=1",
					"$(inherited)",
				);
				GCC_WARN_64_TO_32_BIT_CONVERSION = YES;
				GCC_WARN_ABOUT_RETURN_TYPE = YES_ERROR;
				GCC_WARN_UNDECLARED_SELECTOR = YES;
				GCC_WARN_UNINITIALIZED_AUTOS = YES_AGGRESSIVE;
				GCC_WARN_UNUSED_FUNCTION = YES;
				GCC_WARN_UNUSED_VARIABLE = YES;
				IPHONEOS_DEPLOYMENT_TARGET = 13.2;
				MTL_ENABLE_DEBUG_INFO = INCLUDE_SOURCE;
				MTL_FAST_MATH = YES;
				ONLY_ACTIVE_ARCH = YES;
				SDKROOT = iphoneos;
				SWIFT_ACTIVE_COMPILATION_CONDITIONS = DEBUG;
				SWIFT_OPTIMIZATION_LEVEL = "-Onone";
			};
			name = Debug;
		};
		86482D332487AC6F00ED31D8 /* Release */ = {
			isa = XCBuildConfiguration;
			buildSettings = {
				ALWAYS_SEARCH_USER_PATHS = NO;
				CLANG_ANALYZER_NONNULL = YES;
				CLANG_ANALYZER_NUMBER_OBJECT_CONVERSION = YES_AGGRESSIVE;
				CLANG_CXX_LANGUAGE_STANDARD = "gnu++14";
				CLANG_CXX_LIBRARY = "libc++";
				CLANG_ENABLE_MODULES = YES;
				CLANG_ENABLE_OBJC_ARC = YES;
				CLANG_ENABLE_OBJC_WEAK = YES;
				CLANG_WARN_BLOCK_CAPTURE_AUTORELEASING = YES;
				CLANG_WARN_BOOL_CONVERSION = YES;
				CLANG_WARN_COMMA = YES;
				CLANG_WARN_CONSTANT_CONVERSION = YES;
				CLANG_WARN_DEPRECATED_OBJC_IMPLEMENTATIONS = YES;
				CLANG_WARN_DIRECT_OBJC_ISA_USAGE = YES_ERROR;
				CLANG_WARN_DOCUMENTATION_COMMENTS = YES;
				CLANG_WARN_EMPTY_BODY = YES;
				CLANG_WARN_ENUM_CONVERSION = YES;
				CLANG_WARN_INFINITE_RECURSION = YES;
				CLANG_WARN_INT_CONVERSION = YES;
				CLANG_WARN_NON_LITERAL_NULL_CONVERSION = YES;
				CLANG_WARN_OBJC_IMPLICIT_RETAIN_SELF = YES;
				CLANG_WARN_OBJC_LITERAL_CONVERSION = YES;
				CLANG_WARN_OBJC_ROOT_CLASS = YES_ERROR;
				CLANG_WARN_RANGE_LOOP_ANALYSIS = YES;
				CLANG_WARN_STRICT_PROTOTYPES = YES;
				CLANG_WARN_SUSPICIOUS_MOVE = YES;
				CLANG_WARN_UNGUARDED_AVAILABILITY = YES_AGGRESSIVE;
				CLANG_WARN_UNREACHABLE_CODE = YES;
				CLANG_WARN__DUPLICATE_METHOD_MATCH = YES;
				COPY_PHASE_STRIP = NO;
				DEBUG_INFORMATION_FORMAT = "dwarf-with-dsym";
				ENABLE_NS_ASSERTIONS = NO;
				ENABLE_STRICT_OBJC_MSGSEND = YES;
				GCC_C_LANGUAGE_STANDARD = gnu11;
				GCC_NO_COMMON_BLOCKS = YES;
				GCC_WARN_64_TO_32_BIT_CONVERSION = YES;
				GCC_WARN_ABOUT_RETURN_TYPE = YES_ERROR;
				GCC_WARN_UNDECLARED_SELECTOR = YES;
				GCC_WARN_UNINITIALIZED_AUTOS = YES_AGGRESSIVE;
				GCC_WARN_UNUSED_FUNCTION = YES;
				GCC_WARN_UNUSED_VARIABLE = YES;
				IPHONEOS_DEPLOYMENT_TARGET = 13.2;
				MTL_ENABLE_DEBUG_INFO = NO;
				MTL_FAST_MATH = YES;
				SDKROOT = iphoneos;
				SWIFT_COMPILATION_MODE = wholemodule;
				SWIFT_OPTIMIZATION_LEVEL = "-O";
				VALIDATE_PRODUCT = YES;
			};
			name = Release;
		};
		86482D352487AC6F00ED31D8 /* Debug */ = {
			isa = XCBuildConfiguration;
			baseConfigurationReference = 52CCE299C8036F0DABFE894F /* Pods-MyWeatherApp.debug.xcconfig */;
			buildSettings = {
				ASSETCATALOG_COMPILER_APPICON_NAME = AppIcon;
				CODE_SIGN_STYLE = Automatic;
				DEVELOPMENT_TEAM = S6X8QU6ZAU;
				INFOPLIST_FILE = MyWeatherApp/Info.plist;
				LD_RUNPATH_SEARCH_PATHS = (
					"$(inherited)",
					"@executable_path/Frameworks",
				);
				PRODUCT_BUNDLE_IDENTIFIER = test.MyWeatherApp;
				PRODUCT_NAME = "$(TARGET_NAME)";
				SWIFT_VERSION = 5.0;
				TARGETED_DEVICE_FAMILY = "1,2";
			};
			name = Debug;
		};
		86482D362487AC6F00ED31D8 /* Release */ = {
			isa = XCBuildConfiguration;
			baseConfigurationReference = 5D75B5962D778075B68DD189 /* Pods-MyWeatherApp.release.xcconfig */;
			buildSettings = {
				ASSETCATALOG_COMPILER_APPICON_NAME = AppIcon;
				CODE_SIGN_STYLE = Automatic;
				DEVELOPMENT_TEAM = S6X8QU6ZAU;
				INFOPLIST_FILE = MyWeatherApp/Info.plist;
				LD_RUNPATH_SEARCH_PATHS = (
					"$(inherited)",
					"@executable_path/Frameworks",
				);
				PRODUCT_BUNDLE_IDENTIFIER = test.MyWeatherApp;
				PRODUCT_NAME = "$(TARGET_NAME)";
				SWIFT_VERSION = 5.0;
				TARGETED_DEVICE_FAMILY = "1,2";
			};
			name = Release;
		};
/* End XCBuildConfiguration section */

/* Begin XCConfigurationList section */
		86482D1B2487AC6B00ED31D8 /* Build configuration list for PBXProject "MyWeatherApp" */ = {
			isa = XCConfigurationList;
			buildConfigurations = (
				86482D322487AC6F00ED31D8 /* Debug */,
				86482D332487AC6F00ED31D8 /* Release */,
			);
			defaultConfigurationIsVisible = 0;
			defaultConfigurationName = Release;
		};
		86482D342487AC6F00ED31D8 /* Build configuration list for PBXNativeTarget "MyWeatherApp" */ = {
			isa = XCConfigurationList;
			buildConfigurations = (
				86482D352487AC6F00ED31D8 /* Debug */,
				86482D362487AC6F00ED31D8 /* Release */,
			);
			defaultConfigurationIsVisible = 0;
			defaultConfigurationName = Release;
		};
/* End XCConfigurationList section */
	};
	rootObject = 86482D182487AC6B00ED31D8 /* Project object */;
}
